{
  "requires": true,
  "lockfileVersion": 1,
  "dependencies": {
    "jsencrypt": {
      "version": "3.0.0-rc.1",
      "resolved": "https://registry.npmjs.org/jsencrypt/-/jsencrypt-3.0.0-rc.1.tgz",
      "integrity": "sha512-gcvGaqerlUJy1Kq6tNgPYteVEoWNemu+9hBe2CdsCIz4rVcwjoTQ72iD1W76/PRMlnkzG0yVh7nwOOMOOUfKmg=="
    }
  }
}
